
Microsoft Visual Studio Solution File, Format Version 10.00
# Visual Studio 2008
Project("{FAE04EC0-301F-11D3-BF4B-00C04F79EFBC}") = "实验4(2).3", "实验4(2).3\实验4(2).3.csproj", "{CA118EBF-7B34-4F83-A601-CB3D13B195D1}"
EndProject
Global
	GlobalSection(SolutionConfigurationPlatforms) = preSolution
		Debug|Any CPU = Debug|Any CPU
		Release|Any CPU = Release|Any CPU
	EndGlobalSection
	GlobalSection(ProjectConfigurationPlatforms) = postSolution
		{CA118EBF-7B34-4F83-A601-CB3D13B195D1}.Debug|Any CPU.ActiveCfg = Debug|Any CPU
		{CA118EBF-7B34-4F83-A601-CB3D13B195D1}.Debug|Any CPU.Build.0 = Debug|Any CPU
		{CA118EBF-7B34-4F83-A601-CB3D13B195D1}.Release|Any CPU.ActiveCfg = Release|Any CPU
		{CA118EBF-7B34-4F83-A601-CB3D13B195D1}.Release|Any CPU.Build.0 = Release|Any CPU
	EndGlobalSection
	GlobalSection(SolutionProperties) = preSolution
		HideSolutionNode = FALSE
	EndGlobalSection
EndGlobal
