
Microsoft Visual Studio Solution File, Format Version 10.00
# Visual Studio 2008
Project("{FAE04EC0-301F-11D3-BF4B-00C04F79EFBC}") = "实验3.4", "实验3.4\实验3.4.csproj", "{B26ED3D3-6AF4-4615-89D4-FFCEF3E51D92}"
EndProject
Global
	GlobalSection(SolutionConfigurationPlatforms) = preSolution
		Debug|Any CPU = Debug|Any CPU
		Release|Any CPU = Release|Any CPU
	EndGlobalSection
	GlobalSection(ProjectConfigurationPlatforms) = postSolution
		{B26ED3D3-6AF4-4615-89D4-FFCEF3E51D92}.Debug|Any CPU.ActiveCfg = Debug|Any CPU
		{B26ED3D3-6AF4-4615-89D4-FFCEF3E51D92}.Debug|Any CPU.Build.0 = Debug|Any CPU
		{B26ED3D3-6AF4-4615-89D4-FFCEF3E51D92}.Release|Any CPU.ActiveCfg = Release|Any CPU
		{B26ED3D3-6AF4-4615-89D4-FFCEF3E51D92}.Release|Any CPU.Build.0 = Release|Any CPU
	EndGlobalSection
	GlobalSection(SolutionProperties) = preSolution
		HideSolutionNode = FALSE
	EndGlobalSection
EndGlobal
